// !$*UTF8*$!
{
	archiveVersion = 1;
	classes = {
	};
	objectVersion = 50;
	objects = {

/* Begin PBXBuildFile section */
		50F119032617DC7B0033CCE9 /* AppDelegate.swift in Sources */ = {isa = PBXBuildFile; fileRef = 50F119022617DC7B0033CCE9 /* AppDelegate.swift */; };
		50F119052617DC7B0033CCE9 /* SceneDelegate.swift in Sources */ = {isa = PBXBuildFile; fileRef = 50F119042617DC7B0033CCE9 /* SceneDelegate.swift */; };
		50F119072617DC7B0033CCE9 /* ViewController.swift in Sources */ = {isa = PBXBuildFile; fileRef = 50F119062617DC7B0033CCE9 /* ViewController.swift */; };
		50F1190A2617DC7B0033CCE9 /* Main.storyboard in Resources */ = {isa = PBXBuildFile; fileRef = 50F119082617DC7B0033CCE9 /* Main.storyboard */; };
		50F1190D2617DC7B0033CCE9 /* Assessment.xcdatamodeld in Sources */ = {isa = PBXBuildFile; fileRef = 50F1190B2617DC7B0033CCE9 /* Assessment.xcdatamodeld */; };
		50F1190F2617DC7D0033CCE9 /* Assets.xcassets in Resources */ = {isa = PBXBuildFile; fileRef = 50F1190E2617DC7D0033CCE9 /* Assets.xcassets */; };
		50F119122617DC7D0033CCE9 /* LaunchScreen.storyboard in Resources */ = {isa = PBXBuildFile; fileRef = 50F119102617DC7D0033CCE9 /* LaunchScreen.storyboard */; };
		50F1191D2617DC7D0033CCE9 /* AssessmentTests.swift in Sources */ = {isa = PBXBuildFile; fileRef = 50F1191C2617DC7D0033CCE9 /* AssessmentTests.swift */; };
		50F119282617DC7D0033CCE9 /* AssessmentUITests.swift in Sources */ = {isa = PBXBuildFile; fileRef = 50F119272617DC7D0033CCE9 /* AssessmentUITests.swift */; };
/* End PBXBuildFile section */

/* Begin PBXContainerItemProxy section */
		50F119192617DC7D0033CCE9 /* PBXContainerItemProxy */ = {
			isa = PBXContainerItemProxy;
			containerPortal = 50F118F72617DC7B0033CCE9 /* Project object */;
			proxyType = 1;
			remoteGlobalIDString = 50F118FE2617DC7B0033CCE9;
			remoteInfo = Assessment;
		};
		50F119242617DC7D0033CCE9 /* PBXContainerItemProxy */ = {
			isa = PBXContainerItemProxy;
			containerPortal = 50F118F72617DC7B0033CCE9 /* Project object */;
			proxyType = 1;
			remoteGlobalIDString = 50F118FE2617DC7B0033CCE9;
			remoteInfo = Assessment;
		};
/* End PBXContainerItemProxy section */

/* Begin PBXFileReference section */
		50F118FF2617DC7B0033CCE9 /* Assessment.app */ = {isa = PBXFileReference; explicitFileType = wrapper.application; includeInIndex = 0; path = Assessment.app; sourceTree = BUILT_PRODUCTS_DIR; };
		50F119022617DC7B0033CCE9 /* AppDelegate.swift */ = {isa = PBXFileReference; lastKnownFileType = sourcecode.swift; path = AppDelegate.swift; sourceTree = "<group>"; };
		50F119042617DC7B0033CCE9 /* SceneDelegate.swift */ = {isa = PBXFileReference; lastKnownFileType = sourcecode.swift; path = SceneDelegate.swift; sourceTree = "<group>"; };
		50F119062617DC7B0033CCE9 /* ViewController.swift */ = {isa = PBXFileReference; lastKnownFileType = sourcecode.swift; path = ViewController.swift; sourceTree = "<group>"; };
		50F119092617DC7B0033CCE9 /* Base */ = {isa = PBXFileReference; lastKnownFileType = file.storyboard; name = Base; path = Base.lproj/Main.storyboard; sourceTree = "<group>"; };
		50F1190C2617DC7B0033CCE9 /* Assessment.xcdatamodel */ = {isa = PBXFileReference; lastKnownFileType = wrapper.xcdatamodel; path = Assessment.xcdatamodel; sourceTree = "<group>"; };
		50F1190E2617DC7D0033CCE9 /* Assets.xcassets */ = {isa = PBXFileReference; lastKnownFileType = folder.assetcatalog; path = Assets.xcassets; sourceTree = "<group>"; };
		50F119112617DC7D0033CCE9 /* Base */ = {isa = PBXFileReference; lastKnownFileType = file.storyboard; name = Base; path = Base.lproj/LaunchScreen.storyboard; sourceTree = "<group>"; };
		50F119132617DC7D0033CCE9 /* Info.plist */ = {isa = PBXFileReference; lastKnownFileType = text.plist.xml; path = Info.plist; sourceTree = "<group>"; };
		50F119182617DC7D0033CCE9 /* AssessmentTests.xctest */ = {isa = PBXFileReference; explicitFileType = wrapper.cfbundle; includeInIndex = 0; path = AssessmentTests.xctest; sourceTree = BUILT_PRODUCTS_DIR; };
		50F1191C2617DC7D0033CCE9 /* AssessmentTests.swift */ = {isa = PBXFileReference; lastKnownFileType = sourcecode.swift; path = AssessmentTests.swift; sourceTree = "<group>"; };
		50F1191E2617DC7D0033CCE9 /* Info.plist */ = {isa = PBXFileReference; lastKnownFileType = text.plist.xml; path = Info.plist; sourceTree = "<group>"; };
		50F119232617DC7D0033CCE9 /* AssessmentUITests.xctest */ = {isa = PBXFileReference; explicitFileType = wrapper.cfbundle; includeInIndex = 0; path = AssessmentUITests.xctest; sourceTree = BUILT_PRODUCTS_DIR; };
		50F119272617DC7D0033CCE9 /* AssessmentUITests.swift */ = {isa = PBXFileReference; lastKnownFileType = sourcecode.swift; path = AssessmentUITests.swift; sourceTree = "<group>"; };
		50F119292617DC7D0033CCE9 /* Info.plist */ = {isa = PBXFileReference; lastKnownFileType = text.plist.xml; path = Info.plist; sourceTree = "<group>"; };
/* End PBXFileReference section */

/* Begin PBXFrameworksBuildPhase section */
		50F118FC2617DC7B0033CCE9 /* Frameworks */ = {
			isa = PBXFrameworksBuildPhase;
			buildActionMask = 2147483647;
			files = (
			);
			runOnlyForDeploymentPostprocessing = 0;
		};
		50F119152617DC7D0033CCE9 /* Frameworks */ = {
			isa = PBXFrameworksBuildPhase;
			buildActionMask = 2147483647;
			files = (
			);
			runOnlyForDeploymentPostprocessing = 0;
		};
		50F119202617DC7D0033CCE9 /* Frameworks */ = {
			isa = PBXFrameworksBuildPhase;
			buildActionMask = 2147483647;
			files = (
			);
			runOnlyForDeploymentPostprocessing = 0;
		};
/* End PBXFrameworksBuildPhase section */

/* Begin PBXGroup section */
		50F118F62617DC7B0033CCE9 = {
			isa = PBXGroup;
			children = (
				50F119012617DC7B0033CCE9 /* Assessment */,
				50F1191B2617DC7D0033CCE9 /* AssessmentTests */,
				50F119262617DC7D0033CCE9 /* AssessmentUITests */,
				50F119002617DC7B0033CCE9 /* Products */,
			);
			sourceTree = "<group>";
		};
		50F119002617DC7B0033CCE9 /* Products */ = {
			isa = PBXGroup;
			children = (
				50F118FF2617DC7B0033CCE9 /* Assessment.app */,
				50F119182617DC7D0033CCE9 /* AssessmentTests.xctest */,
				50F119232617DC7D0033CCE9 /* AssessmentUITests.xctest */,
			);
			name = Products;
			sourceTree = "<group>";
		};
		50F119012617DC7B0033CCE9 /* Assessment */ = {
			isa = PBXGroup;
			children = (
				50F119022617DC7B0033CCE9 /* AppDelegate.swift */,
				50F119042617DC7B0033CCE9 /* SceneDelegate.swift */,
				50F119062617DC7B0033CCE9 /* ViewController.swift */,
				50F119082617DC7B0033CCE9 /* Main.storyboard */,
				50F1190E2617DC7D0033CCE9 /* Assets.xcassets */,
				50F119102617DC7D0033CCE9 /* LaunchScreen.storyboard */,
				50F119132617DC7D0033CCE9 /* Info.plist */,
				50F1190B2617DC7B0033CCE9 /* Assessment.xcdatamodeld */,
			);
			path = Assessment;
			sourceTree = "<group>";
		};
		50F1191B2617DC7D0033CCE9 /* AssessmentTests */ = {
			isa = PBXGroup;
			children = (
				50F1191C2617DC7D0033CCE9 /* AssessmentTests.swift */,
				50F1191E2617DC7D0033CCE9 /* Info.plist */,
			);
			path = AssessmentTests;
			sourceTree = "<group>";
		};
		50F119262617DC7D0033CCE9 /* AssessmentUITests */ = {
			isa = PBXGroup;
			children = (
				50F119272617DC7D0033CCE9 /* AssessmentUITests.swift */,
				50F119292617DC7D0033CCE9 /* Info.plist */,
			);
			path = AssessmentUITests;
			sourceTree = "<group>";
		};
/* End PBXGroup section */

/* Begin PBXNativeTarget section */
		50F118FE2617DC7B0033CCE9 /* Assessment */ = {
			isa = PBXNativeTarget;
			buildConfigurationList = 50F1192C2617DC7D0033CCE9 /* Build configuration list for PBXNativeTarget "Assessment" */;
			buildPhases = (
				50F118FB2617DC7B0033CCE9 /* Sources */,
				50F118FC2617DC7B0033CCE9 /* Frameworks */,
				50F118FD2617DC7B0033CCE9 /* Resources */,
			);
			buildRules = (
			);
			dependencies = (
			);
			name = Assessment;
			productName = Assessment;
			productReference = 50F118FF2617DC7B0033CCE9 /* Assessment.app */;
			productType = "com.apple.product-type.application";
		};
		50F119172617DC7D0033CCE9 /* AssessmentTests */ = {
			isa = PBXNativeTarget;
			buildConfigurationList = 50F1192F2617DC7D0033CCE9 /* Build configuration list for PBXNativeTarget "AssessmentTests" */;
			buildPhases = (
				50F119142617DC7D0033CCE9 /* Sources */,
				50F119152617DC7D0033CCE9 /* Frameworks */,
				50F119162617DC7D0033CCE9 /* Resources */,
			);
			buildRules = (
			);
			dependencies = (
				50F1191A2617DC7D0033CCE9 /* PBXTargetDependency */,
			);
			name = AssessmentTests;
			productName = AssessmentTests;
			productReference = 50F119182617DC7D0033CCE9 /* AssessmentTests.xctest */;
			productType = "com.apple.product-type.bundle.unit-test";
		};
		50F119222617DC7D0033CCE9 /* AssessmentUITests */ = {
			isa = PBXNativeTarget;
			buildConfigurationList = 50F119322617DC7D0033CCE9 /* Build configuration list for PBXNativeTarget "AssessmentUITests" */;
			buildPhases = (
				50F1191F2617DC7D0033CCE9 /* Sources */,
				50F119202617DC7D0033CCE9 /* Frameworks */,
				50F119212617DC7D0033CCE9 /* Resources */,
			);
			buildRules = (
			);
			dependencies = (
				50F119252617DC7D0033CCE9 /* PBXTargetDependency */,
			);
			name = AssessmentUITests;
			productName = AssessmentUITests;
			productReference = 50F119232617DC7D0033CCE9 /* AssessmentUITests.xctest */;
			productType = "com.apple.product-type.bundle.ui-testing";
		};
/* End PBXNativeTarget section */

/* Begin PBXProject section */
		50F118F72617DC7B0033CCE9 /* Project object */ = {
			isa = PBXProject;
			attributes = {
				LastSwiftUpdateCheck = 1240;
				LastUpgradeCheck = 1240;
				TargetAttributes = {
					50F118FE2617DC7B0033CCE9 = {
						CreatedOnToolsVersion = 12.4;
					};
					50F119172617DC7D0033CCE9 = {
						CreatedOnToolsVersion = 12.4;
						TestTargetID = 50F118FE2617DC7B0033CCE9;
					};
					50F119222617DC7D0033CCE9 = {
						CreatedOnToolsVersion = 12.4;
						TestTargetID = 50F118FE2617DC7B0033CCE9;
					};
				};
			};
			buildConfigurationList = 50F118FA2617DC7B0033CCE9 /* Build configuration list for PBXProject "Assessment" */;
			compatibilityVersion = "Xcode 9.3";
			developmentRegion = en;
			hasScannedForEncodings = 0;
			knownRegions = (
				en,
				Base,
			);
			mainGroup = 50F118F62617DC7B0033CCE9;
			productRefGroup = 50F119002617DC7B0033CCE9 /* Products */;
			projectDirPath = "";
			projectRoot = "";
			targets = (
				50F118FE2617DC7B0033CCE9 /* Assessment */,
				50F119172617DC7D0033CCE9 /* AssessmentTests */,
				50F119222617DC7D0033CCE9 /* AssessmentUITests */,
			);
		};
/* End PBXProject section */

/* Begin PBXResourcesBuildPhase section */
		50F118FD2617DC7B0033CCE9 /* Resources */ = {
			isa = PBXResourcesBuildPhase;
			buildActionMask = 2147483647;
			files = (
				50F119122617DC7D0033CCE9 /* LaunchScreen.storyboard in Resources */,
				50F1190F2617DC7D0033CCE9 /* Assets.xcassets in Resources */,
				50F1190A2617DC7B0033CCE9 /* Main.storyboard in Resources */,
			);
			runOnlyForDeploymentPostprocessing = 0;
		};
		50F119162617DC7D0033CCE9 /* Resources */ = {
			isa = PBXResourcesBuildPhase;
			buildActionMask = 2147483647;
			files = (
			);
			runOnlyForDeploymentPostprocessing = 0;
		};
		50F119212617DC7D0033CCE9 /* Resources */ = {
			isa = PBXResourcesBuildPhase;
			buildActionMask = 2147483647;
			files = (
			);
			runOnlyForDeploymentPostprocessing = 0;
		};
/* End PBXResourcesBuildPhase section */

/* Begin PBXSourcesBuildPhase section */
		50F118FB2617DC7B0033CCE9 /* Sources */ = {
			isa = PBXSourcesBuildPhase;
			buildActionMask = 2147483647;
			files = (
				50F119072617DC7B0033CCE9 /* ViewController.swift in Sources */,
				50F1190D2617DC7B0033CCE9 /* Assessment.xcdatamodeld in Sources */,
				50F119032617DC7B0033CCE9 /* AppDelegate.swift in Sources */,
				50F119052617DC7B0033CCE9 /* SceneDelegate.swift in Sources */,
			);
			runOnlyForDeploymentPostprocessing = 0;
		};
		50F119142617DC7D0033CCE9 /* Sources */ = {
			isa = PBXSourcesBuildPhase;
			buildActionMask = 2147483647;
			files = (
				50F1191D2617DC7D0033CCE9 /* AssessmentTests.swift in Sources */,
			);
			runOnlyForDeploymentPostprocessing = 0;
		};
		50F1191F2617DC7D0033CCE9 /* Sources */ = {
			isa = PBXSourcesBuildPhase;
			buildActionMask = 2147483647;
			files = (
				50F119282617DC7D0033CCE9 /* AssessmentUITests.swift in Sources */,
			);
			runOnlyForDeploymentPostprocessing = 0;
		};
/* End PBXSourcesBuildPhase section */

/* Begin PBXTargetDependency section */
		50F1191A2617DC7D0033CCE9 /* PBXTargetDependency */ = {
			isa = PBXTargetDependency;
			target = 50F118FE2617DC7B0033CCE9 /* Assessment */;
			targetProxy = 50F119192617DC7D0033CCE9 /* PBXContainerItemProxy */;
		};
		50F119252617DC7D0033CCE9 /* PBXTargetDependency */ = {
			isa = PBXTargetDependency;
			target = 50F118FE2617DC7B0033CCE9 /* Assessment */;
			targetProxy = 50F119242617DC7D0033CCE9 /* PBXContainerItemProxy */;
		};
/* End PBXTargetDependency section */

/* Begin PBXVariantGroup section */
		50F119082617DC7B0033CCE9 /* Main.storyboard */ = {
			isa = PBXVariantGroup;
			children = (
				50F119092617DC7B0033CCE9 /* Base */,
			);
			name = Main.storyboard;
			sourceTree = "<group>";
		};
		50F119102617DC7D0033CCE9 /* LaunchScreen.storyboard */ = {
			isa = PBXVariantGroup;
			children = (
				50F119112617DC7D0033CCE9 /* Base */,
			);
			name = LaunchScreen.storyboard;
			sourceTree = "<group>";
		};
/* End PBXVariantGroup section */

/* Begin XCBuildConfiguration section */
		50F1192A2617DC7D0033CCE9 /* Debug */ = {
			isa = XCBuildConfiguration;
			buildSettings = {
				ALWAYS_SEARCH_USER_PATHS = NO;
				CLANG_ANALYZER_NONNULL = YES;
				CLANG_ANALYZER_NUMBER_OBJECT_CONVERSION = YES_AGGRESSIVE;
				CLANG_CXX_LANGUAGE_STANDARD = "gnu++14";
				CLANG_CXX_LIBRARY = "libc++";
				CLANG_ENABLE_MODULES = YES;
				CLANG_ENABLE_OBJC_ARC = YES;
				CLANG_ENABLE_OBJC_WEAK = YES;
				CLANG_WARN_BLOCK_CAPTURE_AUTORELEASING = YES;
				CLANG_WARN_BOOL_CONVERSION = YES;
				CLANG_WARN_COMMA = YES;
				CLANG_WARN_CONSTANT_CONVERSION = YES;
				CLANG_WARN_DEPRECATED_OBJC_IMPLEMENTATIONS = YES;
				CLANG_WARN_DIRECT_OBJC_ISA_USAGE = YES_ERROR;
				CLANG_WARN_DOCUMENTATION_COMMENTS = YES;
				CLANG_WARN_EMPTY_BODY = YES;
				CLANG_WARN_ENUM_CONVERSION = YES;
				CLANG_WARN_INFINITE_RECURSION = YES;
				CLANG_WARN_INT_CONVERSION = YES;
				CLANG_WARN_NON_LITERAL_NULL_CONVERSION = YES;
				CLANG_WARN_OBJC_IMPLICIT_RETAIN_SELF = YES;
				CLANG_WARN_OBJC_LITERAL_CONVERSION = YES;
				CLANG_WARN_OBJC_ROOT_CLASS = YES_ERROR;
				CLANG_WARN_QUOTED_INCLUDE_IN_FRAMEWORK_HEADER = YES;
				CLANG_WARN_RANGE_LOOP_ANALYSIS = YES;
				CLANG_WARN_STRICT_PROTOTYPES = YES;
				CLANG_WARN_SUSPICIOUS_MOVE = YES;
				CLANG_WARN_UNGUARDED_AVAILABILITY = YES_AGGRESSIVE;
				CLANG_WARN_UNREACHABLE_CODE = YES;
				CLANG_WARN__DUPLICATE_METHOD_MATCH = YES;
				COPY_PHASE_STRIP = NO;
				DEBUG_INFORMATION_FORMAT = dwarf;
				ENABLE_STRICT_OBJC_MSGSEND = YES;
				ENABLE_TESTABILITY = YES;
				GCC_C_LANGUAGE_STANDARD = gnu11;
				GCC_DYNAMIC_NO_PIC = NO;
				GCC_NO_COMMON_BLOCKS = YES;
				GCC_OPTIMIZATION_LEVEL = 0;
				GCC_PREPROCESSOR_DEFINITIONS = (
					"DEBUG=1",
					"$(inherited)",
				);
				GCC_WARN_64_TO_32_BIT_CONVERSION = YES;
				GCC_WARN_ABOUT_RETURN_TYPE = YES_ERROR;
				GCC_WARN_UNDECLARED_SELECTOR = YES;
				GCC_WARN_UNINITIALIZED_AUTOS = YES_AGGRESSIVE;
				GCC_WARN_UNUSED_FUNCTION = YES;
				GCC_WARN_UNUSED_VARIABLE = YES;
				IPHONEOS_DEPLOYMENT_TARGET = 14.4;
				MTL_ENABLE_DEBUG_INFO = INCLUDE_SOURCE;
				MTL_FAST_MATH = YES;
				ONLY_ACTIVE_ARCH = YES;
				SDKROOT = iphoneos;
				SWIFT_ACTIVE_COMPILATION_CONDITIONS = DEBUG;
				SWIFT_OPTIMIZATION_LEVEL = "-Onone";
			};
			name = Debug;
		};
		50F1192B2617DC7D0033CCE9 /* Release */ = {
			isa = XCBuildConfiguration;
			buildSettings = {
				ALWAYS_SEARCH_USER_PATHS = NO;
				CLANG_ANALYZER_NONNULL = YES;
				CLANG_ANALYZER_NUMBER_OBJECT_CONVERSION = YES_AGGRESSIVE;
				CLANG_CXX_LANGUAGE_STANDARD = "gnu++14";
				CLANG_CXX_LIBRARY = "libc++";
				CLANG_ENABLE_MODULES = YES;
				CLANG_ENABLE_OBJC_ARC = YES;
				CLANG_ENABLE_OBJC_WEAK = YES;
				CLANG_WARN_BLOCK_CAPTURE_AUTORELEASING = YES;
				CLANG_WARN_BOOL_CONVERSION = YES;
				CLANG_WARN_COMMA = YES;
				CLANG_WARN_CONSTANT_CONVERSION = YES;
				CLANG_WARN_DEPRECATED_OBJC_IMPLEMENTATIONS = YES;
				CLANG_WARN_DIRECT_OBJC_ISA_USAGE = YES_ERROR;
				CLANG_WARN_DOCUMENTATION_COMMENTS = YES;
				CLANG_WARN_EMPTY_BODY = YES;
				CLANG_WARN_ENUM_CONVERSION = YES;
				CLANG_WARN_INFINITE_RECURSION = YES;
				CLANG_WARN_INT_CONVERSION = YES;
				CLANG_WARN_NON_LITERAL_NULL_CONVERSION = YES;
				CLANG_WARN_OBJC_IMPLICIT_RETAIN_SELF = YES;
				CLANG_WARN_OBJC_LITERAL_CONVERSION = YES;
				CLANG_WARN_OBJC_ROOT_CLASS = YES_ERROR;
				CLANG_WARN_QUOTED_INCLUDE_IN_FRAMEWORK_HEADER = YES;
				CLANG_WARN_RANGE_LOOP_ANALYSIS = YES;
				CLANG_WARN_STRICT_PROTOTYPES = YES;
				CLANG_WARN_SUSPICIOUS_MOVE = YES;
				CLANG_WARN_UNGUARDED_AVAILABILITY = YES_AGGRESSIVE;
				CLANG_WARN_UNREACHABLE_CODE = YES;
				CLANG_WARN__DUPLICATE_METHOD_MATCH = YES;
				COPY_PHASE_STRIP = NO;
				DEBUG_INFORMATION_FORMAT = "dwarf-with-dsym";
				ENABLE_NS_ASSERTIONS = NO;
				ENABLE_STRICT_OBJC_MSGSEND = YES;
				GCC_C_LANGUAGE_STANDARD = gnu11;
				GCC_NO_COMMON_BLOCKS = YES;
				GCC_WARN_64_TO_32_BIT_CONVERSION = YES;
				GCC_WARN_ABOUT_RETURN_TYPE = YES_ERROR;
				GCC_WARN_UNDECLARED_SELECTOR = YES;
				GCC_WARN_UNINITIALIZED_AUTOS = YES_AGGRESSIVE;
				GCC_WARN_UNUSED_FUNCTION = YES;
				GCC_WARN_UNUSED_VARIABLE = YES;
				IPHONEOS_DEPLOYMENT_TARGET = 14.4;
				MTL_ENABLE_DEBUG_INFO = NO;
				MTL_FAST_MATH = YES;
				SDKROOT = iphoneos;
				SWIFT_COMPILATION_MODE = wholemodule;
				SWIFT_OPTIMIZATION_LEVEL = "-O";
				VALIDATE_PRODUCT = YES;
			};
			name = Release;
		};
		50F1192D2617DC7D0033CCE9 /* Debug */ = {
			isa = XCBuildConfiguration;
			buildSettings = {
				ASSETCATALOG_COMPILER_APPICON_NAME = AppIcon;
				ASSETCATALOG_COMPILER_GLOBAL_ACCENT_COLOR_NAME = AccentColor;
				CODE_SIGN_STYLE = Automatic;
				DEVELOPMENT_TEAM = AP8262XN9A;
				INFOPLIST_FILE = Assessment/Info.plist;
				LD_RUNPATH_SEARCH_PATHS = (
					"$(inherited)",
					"@executable_path/Frameworks",
				);
				PRODUCT_BUNDLE_IDENTIFIER = max.Assessment;
				PRODUCT_NAME = "$(TARGET_NAME)";
				SWIFT_VERSION = 5.0;
				TARGETED_DEVICE_FAMILY = "1,2";
			};
			name = Debug;
		};
		50F1192E2617DC7D0033CCE9 /* Release */ = {
			isa = XCBuildConfiguration;
			buildSettings = {
				ASSETCATALOG_COMPILER_APPICON_NAME = AppIcon;
				ASSETCATALOG_COMPILER_GLOBAL_ACCENT_COLOR_NAME = AccentColor;
				CODE_SIGN_STYLE = Automatic;
				DEVELOPMENT_TEAM = AP8262XN9A;
				INFOPLIST_FILE = Assessment/Info.plist;
				LD_RUNPATH_SEARCH_PATHS = (
					"$(inherited)",
					"@executable_path/Frameworks",
				);
				PRODUCT_BUNDLE_IDENTIFIER = max.Assessment;
				PRODUCT_NAME = "$(TARGET_NAME)";
				SWIFT_VERSION = 5.0;
				TARGETED_DEVICE_FAMILY = "1,2";
			};
			name = Release;
		};
		50F119302617DC7D0033CCE9 /* Debug */ = {
			isa = XCBuildConfiguration;
			buildSettings = {
				ALWAYS_EMBED_SWIFT_STANDARD_LIBRARIES = YES;
				BUNDLE_LOADER = "$(TEST_HOST)";
				CODE_SIGN_STYLE = Automatic;
				DEVELOPMENT_TEAM = AP8262XN9A;
				INFOPLIST_FILE = AssessmentTests/Info.plist;
				IPHONEOS_DEPLOYMENT_TARGET = 14.4;
				LD_RUNPATH_SEARCH_PATHS = (
					"$(inherited)",
					"@executable_path/Frameworks",
					"@loader_path/Frameworks",
				);
				PRODUCT_BUNDLE_IDENTIFIER = max.AssessmentTests;
				PRODUCT_NAME = "$(TARGET_NAME)";
				SWIFT_VERSION = 5.0;
				TARGETED_DEVICE_FAMILY = "1,2";
				TEST_HOST = "$(BUILT_PRODUCTS_DIR)/Assessment.app/Assessment";
			};
			name = Debug;
		};
		50F119312617DC7D0033CCE9 /* Release */ = {
			isa = XCBuildConfiguration;
			buildSettings = {
				ALWAYS_EMBED_SWIFT_STANDARD_LIBRARIES = YES;
				BUNDLE_LOADER = "$(TEST_HOST)";
				CODE_SIGN_STYLE = Automatic;
				DEVELOPMENT_TEAM = AP8262XN9A;
				INFOPLIST_FILE = AssessmentTests/Info.plist;
				IPHONEOS_DEPLOYMENT_TARGET = 14.4;
				LD_RUNPATH_SEARCH_PATHS = (
					"$(inherited)",
					"@executable_path/Frameworks",
					"@loader_path/Frameworks",
				);
				PRODUCT_BUNDLE_IDENTIFIER = max.AssessmentTests;
				PRODUCT_NAME = "$(TARGET_NAME)";
				SWIFT_VERSION = 5.0;
				TARGETED_DEVICE_FAMILY = "1,2";
				TEST_HOST = "$(BUILT_PRODUCTS_DIR)/Assessment.app/Assessment";
			};
			name = Release;
		};
		50F119332617DC7D0033CCE9 /* Debug */ = {
			isa = XCBuildConfiguration;
			buildSettings = {
				ALWAYS_EMBED_SWIFT_STANDARD_LIBRARIES = YES;
				CODE_SIGN_STYLE = Automatic;
				DEVELOPMENT_TEAM = AP8262XN9A;
				INFOPLIST_FILE = AssessmentUITests/Info.plist;
				LD_RUNPATH_SEARCH_PATHS = (
					"$(inherited)",
					"@executable_path/Frameworks",
					"@loader_path/Frameworks",
				);
				PRODUCT_BUNDLE_IDENTIFIER = max.AssessmentUITests;
				PRODUCT_NAME = "$(TARGET_NAME)";
				SWIFT_VERSION = 5.0;
				TARGETED_DEVICE_FAMILY = "1,2";
				TEST_TARGET_NAME = Assessment;
			};
			name = Debug;
		};
		50F119342617DC7D0033CCE9 /* Release */ = {
			isa = XCBuildConfiguration;
			buildSettings = {
				ALWAYS_EMBED_SWIFT_STANDARD_LIBRARIES = YES;
				CODE_SIGN_STYLE = Automatic;
				DEVELOPMENT_TEAM = AP8262XN9A;
				INFOPLIST_FILE = AssessmentUITests/Info.plist;
				LD_RUNPATH_SEARCH_PATHS = (
					"$(inherited)",
					"@executable_path/Frameworks",
					"@loader_path/Frameworks",
				);
				PRODUCT_BUNDLE_IDENTIFIER = max.AssessmentUITests;
				PRODUCT_NAME = "$(TARGET_NAME)";
				SWIFT_VERSION = 5.0;
				TARGETED_DEVICE_FAMILY = "1,2";
				TEST_TARGET_NAME = Assessment;
			};
			name = Release;
		};
/* End XCBuildConfiguration section */

/* Begin XCConfigurationList section */
		50F118FA2617DC7B0033CCE9 /* Build configuration list for PBXProject "Assessment" */ = {
			isa = XCConfigurationList;
			buildConfigurations = (
				50F1192A2617DC7D0033CCE9 /* Debug */,
				50F1192B2617DC7D0033CCE9 /* Release */,
			);
			defaultConfigurationIsVisible = 0;
			defaultConfigurationName = Release;
		};
		50F1192C2617DC7D0033CCE9 /* Build configuration list for PBXNativeTarget "Assessment" */ = {
			isa = XCConfigurationList;
			buildConfigurations = (
				50F1192D2617DC7D0033CCE9 /* Debug */,
				50F1192E2617DC7D0033CCE9 /* Release */,
			);
			defaultConfigurationIsVisible = 0;
			defaultConfigurationName = Release;
		};
		50F1192F2617DC7D0033CCE9 /* Build configuration list for PBXNativeTarget "AssessmentTests" */ = {
			isa = XCConfigurationList;
			buildConfigurations = (
				50F119302617DC7D0033CCE9 /* Debug */,
				50F119312617DC7D0033CCE9 /* Release */,
			);
			defaultConfigurationIsVisible = 0;
			defaultConfigurationName = Release;
		};
		50F119322617DC7D0033CCE9 /* Build configuration list for PBXNativeTarget "AssessmentUITests" */ = {
			isa = XCConfigurationList;
			buildConfigurations = (
				50F119332617DC7D0033CCE9 /* Debug */,
				50F119342617DC7D0033CCE9 /* Release */,
			);
			defaultConfigurationIsVisible = 0;
			defaultConfigurationName = Release;
		};
/* End XCConfigurationList section */

/* Begin XCVersionGroup section */
		50F1190B2617DC7B0033CCE9 /* Assessment.xcdatamodeld */ = {
			isa = XCVersionGroup;
			children = (
				50F1190C2617DC7B0033CCE9 /* Assessment.xcdatamodel */,
			);
			currentVersion = 50F1190C2617DC7B0033CCE9 /* Assessment.xcdatamodel */;
			path = Assessment.xcdatamodeld;
			sourceTree = "<group>";
			versionGroupType = wrapper.xcdatamodel;
		};
/* End XCVersionGroup section */
	};
	rootObject = 50F118F72617DC7B0033CCE9 /* Project object */;
}
